// !$*UTF8*$!
{
	archiveVersion = 1;
	classes = {
	};
	objectVersion = 46;
	objects = {

/* Begin PBXBuildFile section */
		A10000000000000000000003 /* PaperAcceptWidget.swift in Sources */ = {isa = PBXBuildFile; fileRef = A10000000000000000000002 /* PaperAcceptWidget.swift */; };
		A10000000000000000000011 /* PaperAcceptWidgetExtension.appex in Embed App Extensions */ = {isa = PBXBuildFile; fileRef = A10000000000000000000001 /* PaperAcceptWidgetExtension.appex */; settings = {ATTRIBUTES = (RemoveHeadersOnCopy, ); }; };
		28CE8B6162478F4FF4A83CEE /* Foundation.framework in Frameworks */ = {isa = PBXBuildFile; fileRef = FDB31ADDC8A6154686742DF5 /* Foundation.framework */; };
		2A2989D6B6EDF01FBCFEC120 /* PaperAcceptApp.swift in Sources */ = {isa = PBXBuildFile; fileRef = 9AAC4D6134AA5E4B5ACA3246 /* PaperAcceptApp.swift */; };
		2BA74233BDDBB469166B634D /* CCFDDLService.swift in Sources */ = {isa = PBXBuildFile; fileRef = 203416DDAF4E10C7C287F134 /* CCFDDLService.swift */; };
		4538E2E6EC73D48292B92C2A /* ConferenceData.swift in Sources */ = {isa = PBXBuildFile; fileRef = 366B497665675148C31794D6 /* ConferenceData.swift */; };
		7E5513AF373BA51102087625 /* Models.swift in Sources */ = {isa = PBXBuildFile; fileRef = E93AC048BBE7504C65F313B5 /* Models.swift */; };
		96F5CA83123334C6A9B4105D /* Assets.xcassets in Resources */ = {isa = PBXBuildFile; fileRef = DD111AE0FD0D62F60C945726 /* Assets.xcassets */; };
		C045C171D25C098B5782B9F8 /* ContentView.swift in Sources */ = {isa = PBXBuildFile; fileRef = 7ECB28DA3841B8B91231E211 /* ContentView.swift */; };
		E30EDE1AFEA3B3C717935686 /* PaperAcceptViewModel.swift in Sources */ = {isa = PBXBuildFile; fileRef = 1E4FCB723876379026C53E0A /* PaperAcceptViewModel.swift */; };
/* End PBXBuildFile section */

/* Begin PBXContainerItemProxy section */
		A10000000000000000000014 /* PBXContainerItemProxy */ = {
			isa = PBXContainerItemProxy;
			containerPortal = 85BC9617A66440AD26E9C928 /* Project object */;
			proxyType = 1;
			remoteGlobalIDString = A10000000000000000000004;
			remoteInfo = PaperAcceptWidgetExtension;
		};
/* End PBXContainerItemProxy section */

/* Begin PBXCopyFilesBuildPhase section */
		A10000000000000000000012 /* Embed App Extensions */ = {
			isa = PBXCopyFilesBuildPhase;
			buildActionMask = 2147483647;
			dstPath = "";
			dstSubfolderSpec = 13;
			files = (
				A10000000000000000000011 /* PaperAcceptWidgetExtension.appex in Embed App Extensions */,
			);
			name = "Embed App Extensions";
			runOnlyForDeploymentPostprocessing = 0;
		};
/* End PBXCopyFilesBuildPhase section */

/* Begin PBXFileReference section */
		A10000000000000000000001 /* PaperAcceptWidgetExtension.appex */ = {isa = PBXFileReference; explicitFileType = "wrapper.app-extension"; includeInIndex = 0; path = PaperAcceptWidgetExtension.appex; sourceTree = BUILT_PRODUCTS_DIR; };
		A10000000000000000000002 /* PaperAcceptWidget.swift */ = {isa = PBXFileReference; includeInIndex = 1; lastKnownFileType = sourcecode.swift; path = PaperAcceptWidget.swift; sourceTree = "<group>"; };
		A10000000000000000000016 /* PaperAccept.entitlements */ = {isa = PBXFileReference; includeInIndex = 1; lastKnownFileType = text.plist.entitlements; path = PaperAccept.entitlements; sourceTree = "<group>"; };
		A10000000000000000000017 /* PaperAcceptWidget.entitlements */ = {isa = PBXFileReference; includeInIndex = 1; lastKnownFileType = text.plist.entitlements; path = PaperAcceptWidget.entitlements; sourceTree = "<group>"; };
		A10000000000000000000018 /* Info.plist */ = {isa = PBXFileReference; includeInIndex = 1; lastKnownFileType = text.plist.xml; path = Info.plist; sourceTree = "<group>"; };
		1E4FCB723876379026C53E0A /* PaperAcceptViewModel.swift */ = {isa = PBXFileReference; includeInIndex = 1; lastKnownFileType = sourcecode.swift; path = PaperAcceptViewModel.swift; sourceTree = "<group>"; };
		203416DDAF4E10C7C287F134 /* CCFDDLService.swift */ = {isa = PBXFileReference; includeInIndex = 1; lastKnownFileType = sourcecode.swift; path = CCFDDLService.swift; sourceTree = "<group>"; };
		366B497665675148C31794D6 /* ConferenceData.swift */ = {isa = PBXFileReference; includeInIndex = 1; lastKnownFileType = sourcecode.swift; path = ConferenceData.swift; sourceTree = "<group>"; };
		7ECB28DA3841B8B91231E211 /* ContentView.swift */ = {isa = PBXFileReference; includeInIndex = 1; lastKnownFileType = sourcecode.swift; path = ContentView.swift; sourceTree = "<group>"; };
		9AAC4D6134AA5E4B5ACA3246 /* PaperAcceptApp.swift */ = {isa = PBXFileReference; includeInIndex = 1; lastKnownFileType = sourcecode.swift; path = PaperAcceptApp.swift; sourceTree = "<group>"; };
		DD111AE0FD0D62F60C945726 /* Assets.xcassets */ = {isa = PBXFileReference; includeInIndex = 1; lastKnownFileType = folder.assetcatalog; path = Assets.xcassets; sourceTree = "<group>"; };
		E2021D216439E94846CB0ABD /* PaperAccept.app */ = {isa = PBXFileReference; explicitFileType = wrapper.application; includeInIndex = 0; path = PaperAccept.app; sourceTree = BUILT_PRODUCTS_DIR; };
		E93AC048BBE7504C65F313B5 /* Models.swift */ = {isa = PBXFileReference; includeInIndex = 1; lastKnownFileType = sourcecode.swift; path = Models.swift; sourceTree = "<group>"; };
		FDB31ADDC8A6154686742DF5 /* Foundation.framework */ = {isa = PBXFileReference; lastKnownFileType = wrapper.framework; name = Foundation.framework; path = Platforms/iPhoneOS.platform/Developer/SDKs/iPhoneOS18.0.sdk/System/Library/Frameworks/Foundation.framework; sourceTree = DEVELOPER_DIR; };
/* End PBXFileReference section */

/* Begin PBXFrameworksBuildPhase section */
		17924CF26E8F027963622264 /* Frameworks */ = {
			isa = PBXFrameworksBuildPhase;
			buildActionMask = 2147483647;
			files = (
				28CE8B6162478F4FF4A83CEE /* Foundation.framework in Frameworks */,
			);
			runOnlyForDeploymentPostprocessing = 0;
		};
		A10000000000000000000006 /* Frameworks */ = {
			isa = PBXFrameworksBuildPhase;
			buildActionMask = 2147483647;
			files = (
			);
			runOnlyForDeploymentPostprocessing = 0;
		};
/* End PBXFrameworksBuildPhase section */

/* Begin PBXGroup section */
		077E14D730BC10826027DCC3 /* PaperAccept */ = {
			isa = PBXGroup;
			children = (
				A10000000000000000000016 /* PaperAccept.entitlements */,
				203416DDAF4E10C7C287F134 /* CCFDDLService.swift */,
				366B497665675148C31794D6 /* ConferenceData.swift */,
				7ECB28DA3841B8B91231E211 /* ContentView.swift */,
				E93AC048BBE7504C65F313B5 /* Models.swift */,
				9AAC4D6134AA5E4B5ACA3246 /* PaperAcceptApp.swift */,
				1E4FCB723876379026C53E0A /* PaperAcceptViewModel.swift */,
				DD111AE0FD0D62F60C945726 /* Assets.xcassets */,
			);
			name = PaperAccept;
			path = PaperAccept;
			sourceTree = "<group>";
		};
		25338EA7C060580E960CAD02 /* Products */ = {
			isa = PBXGroup;
			children = (
				E2021D216439E94846CB0ABD /* PaperAccept.app */,
				A10000000000000000000001 /* PaperAcceptWidgetExtension.appex */,
			);
			name = Products;
			sourceTree = "<group>";
		};
		A10000000000000000000015 /* PaperAcceptWidget */ = {
			isa = PBXGroup;
			children = (
				A10000000000000000000002 /* PaperAcceptWidget.swift */,
				A10000000000000000000018 /* Info.plist */,
				A10000000000000000000017 /* PaperAcceptWidget.entitlements */,
			);
			path = PaperAcceptWidget;
			sourceTree = "<group>";
		};
		7FB652483C3084CF13138FDB /* Frameworks */ = {
			isa = PBXGroup;
			children = (
				D273DE17B8D3E3E7EFF3E59D /* iOS */,
			);
			name = Frameworks;
			sourceTree = "<group>";
		};
		D273DE17B8D3E3E7EFF3E59D /* iOS */ = {
			isa = PBXGroup;
			children = (
				FDB31ADDC8A6154686742DF5 /* Foundation.framework */,
			);
			name = iOS;
			sourceTree = "<group>";
		};
		FCC84FD7584EDB18E343A8EE = {
			isa = PBXGroup;
			children = (
				25338EA7C060580E960CAD02 /* Products */,
				7FB652483C3084CF13138FDB /* Frameworks */,
				077E14D730BC10826027DCC3 /* PaperAccept */,
				A10000000000000000000015 /* PaperAcceptWidget */,
			);
			sourceTree = "<group>";
		};
/* End PBXGroup section */

/* Begin PBXNativeTarget section */
		9F969B6F3BCFE7BB6554E53A /* PaperAccept */ = {
			isa = PBXNativeTarget;
			buildConfigurationList = BED4CF80D7D0DFA6A9A1AC6F /* Build configuration list for PBXNativeTarget "PaperAccept" */;
			buildPhases = (
				EAADE80A9736EE6204319034 /* Sources */,
				17924CF26E8F027963622264 /* Frameworks */,
				56B48ECD8CA6B680BD34392D /* Resources */,
				A10000000000000000000012 /* Embed App Extensions */,
			);
			buildRules = (
			);
			dependencies = (
				A10000000000000000000013 /* PBXTargetDependency */,
			);
			name = PaperAccept;
			productName = PaperAccept;
			productReference = E2021D216439E94846CB0ABD /* PaperAccept.app */;
			productType = "com.apple.product-type.application";
		};
		A10000000000000000000004 /* PaperAcceptWidgetExtension */ = {
			isa = PBXNativeTarget;
			buildConfigurationList = A10000000000000000000010 /* Build configuration list for PBXNativeTarget "PaperAcceptWidgetExtension" */;
			buildPhases = (
				A10000000000000000000005 /* Sources */,
				A10000000000000000000006 /* Frameworks */,
				A10000000000000000000007 /* Resources */,
			);
			buildRules = (
			);
			dependencies = (
			);
			name = PaperAcceptWidgetExtension;
			productName = PaperAcceptWidgetExtension;
			productReference = A10000000000000000000001 /* PaperAcceptWidgetExtension.appex */;
			productType = "com.apple.product-type.app-extension";
		};
/* End PBXNativeTarget section */

/* Begin PBXProject section */
		85BC9617A66440AD26E9C928 /* Project object */ = {
			isa = PBXProject;
			attributes = {
				LastSwiftUpdateCheck = 1600;
				LastUpgradeCheck = 1600;
			};
			buildConfigurationList = AD4B50892DBBAB9B2309B8D9 /* Build configuration list for PBXProject "PaperAccept" */;
			compatibilityVersion = "Xcode 3.2";
			developmentRegion = en;
			hasScannedForEncodings = 0;
			knownRegions = (
				en,
				Base,
			);
			mainGroup = FCC84FD7584EDB18E343A8EE;
			minimizedProjectReferenceProxies = 0;
			preferredProjectObjectVersion = 77;
			productRefGroup = 25338EA7C060580E960CAD02 /* Products */;
			projectDirPath = "";
			projectRoot = "";
			targets = (
				9F969B6F3BCFE7BB6554E53A /* PaperAccept */,
				A10000000000000000000004 /* PaperAcceptWidgetExtension */,
			);
		};
/* End PBXProject section */

/* Begin PBXResourcesBuildPhase section */
		56B48ECD8CA6B680BD34392D /* Resources */ = {
			isa = PBXResourcesBuildPhase;
			buildActionMask = 2147483647;
			files = (
				96F5CA83123334C6A9B4105D /* Assets.xcassets in Resources */,
			);
			runOnlyForDeploymentPostprocessing = 0;
		};
		A10000000000000000000007 /* Resources */ = {
			isa = PBXResourcesBuildPhase;
			buildActionMask = 2147483647;
			files = (
			);
			runOnlyForDeploymentPostprocessing = 0;
		};
/* End PBXResourcesBuildPhase section */

/* Begin PBXSourcesBuildPhase section */
		EAADE80A9736EE6204319034 /* Sources */ = {
			isa = PBXSourcesBuildPhase;
			buildActionMask = 2147483647;
			files = (
				2BA74233BDDBB469166B634D /* CCFDDLService.swift in Sources */,
				4538E2E6EC73D48292B92C2A /* ConferenceData.swift in Sources */,
				C045C171D25C098B5782B9F8 /* ContentView.swift in Sources */,
				7E5513AF373BA51102087625 /* Models.swift in Sources */,
				2A2989D6B6EDF01FBCFEC120 /* PaperAcceptApp.swift in Sources */,
				E30EDE1AFEA3B3C717935686 /* PaperAcceptViewModel.swift in Sources */,
			);
			runOnlyForDeploymentPostprocessing = 0;
		};
		A10000000000000000000005 /* Sources */ = {
			isa = PBXSourcesBuildPhase;
			buildActionMask = 2147483647;
			files = (
				A10000000000000000000003 /* PaperAcceptWidget.swift in Sources */,
			);
			runOnlyForDeploymentPostprocessing = 0;
		};
/* End PBXSourcesBuildPhase section */

/* Begin PBXTargetDependency section */
		A10000000000000000000013 /* PBXTargetDependency */ = {
			isa = PBXTargetDependency;
			target = A10000000000000000000004 /* PaperAcceptWidgetExtension */;
			targetProxy = A10000000000000000000014 /* PBXContainerItemProxy */;
		};
/* End PBXTargetDependency section */

/* Begin XCBuildConfiguration section */
		27F01B3FF57D34A63C35BFCF /* Release */ = {
			isa = XCBuildConfiguration;
			buildSettings = {
				ALWAYS_SEARCH_USER_PATHS = NO;
				CLANG_ANALYZER_NONNULL = YES;
				CLANG_ANALYZER_NUMBER_OBJECT_CONVERSION = YES_AGGRESSIVE;
				CLANG_CXX_LANGUAGE_STANDARD = "gnu++14";
				CLANG_CXX_LIBRARY = "libc++";
				CLANG_ENABLE_MODULES = YES;
				CLANG_ENABLE_OBJC_ARC = YES;
				CLANG_ENABLE_OBJC_WEAK = YES;
				CLANG_WARN_BLOCK_CAPTURE_AUTORELEASING = YES;
				CLANG_WARN_BOOL_CONVERSION = YES;
				CLANG_WARN_COMMA = YES;
				CLANG_WARN_CONSTANT_CONVERSION = YES;
				CLANG_WARN_DEPRECATED_OBJC_IMPLEMENTATIONS = YES;
				CLANG_WARN_DIRECT_OBJC_ISA_USAGE = YES_ERROR;
				CLANG_WARN_DOCUMENTATION_COMMENTS = YES;
				CLANG_WARN_EMPTY_BODY = YES;
				CLANG_WARN_ENUM_CONVERSION = YES;
				CLANG_WARN_INFINITE_RECURSION = YES;
				CLANG_WARN_INT_CONVERSION = YES;
				CLANG_WARN_NON_LITERAL_NULL_CONVERSION = YES;
				CLANG_WARN_OBJC_IMPLICIT_RETAIN_SELF = YES;
				CLANG_WARN_OBJC_LITERAL_CONVERSION = YES;
				CLANG_WARN_OBJC_ROOT_CLASS = YES_ERROR;
				CLANG_WARN_QUOTED_INCLUDE_IN_FRAMEWORK_HEADER = YES;
				CLANG_WARN_RANGE_LOOP_ANALYSIS = YES;
				CLANG_WARN_STRICT_PROTOTYPES = YES;
				CLANG_WARN_SUSPICIOUS_MOVE = YES;
				CLANG_WARN_UNGUARDED_AVAILABILITY = YES_AGGRESSIVE;
				CLANG_WARN_UNREACHABLE_CODE = YES;
				CLANG_WARN__DUPLICATE_METHOD_MATCH = YES;
				COPY_PHASE_STRIP = NO;
				DEBUG_INFORMATION_FORMAT = "dwarf-with-dsym";
				ENABLE_NS_ASSERTIONS = NO;
				ENABLE_STRICT_OBJC_MSGSEND = YES;
				GCC_C_LANGUAGE_STANDARD = gnu11;
				GCC_NO_COMMON_BLOCKS = YES;
				GCC_WARN_64_TO_32_BIT_CONVERSION = YES;
				GCC_WARN_ABOUT_RETURN_TYPE = YES_ERROR;
				GCC_WARN_UNDECLARED_SELECTOR = YES;
				GCC_WARN_UNINITIALIZED_AUTOS = YES_AGGRESSIVE;
				GCC_WARN_UNUSED_FUNCTION = YES;
				GCC_WARN_UNUSED_VARIABLE = YES;
				MTL_ENABLE_DEBUG_INFO = NO;
				MTL_FAST_MATH = YES;
				PRODUCT_NAME = "$(TARGET_NAME)";
				SWIFT_COMPILATION_MODE = wholemodule;
				SWIFT_OPTIMIZATION_LEVEL = "-O";
				SWIFT_VERSION = 5.0;
			};
			name = Release;
		};
		619A6865A4212BB775F642A9 /* Debug */ = {
			isa = XCBuildConfiguration;
			buildSettings = {
				ALWAYS_SEARCH_USER_PATHS = NO;
				CLANG_ANALYZER_NONNULL = YES;
				CLANG_ANALYZER_NUMBER_OBJECT_CONVERSION = YES_AGGRESSIVE;
				CLANG_CXX_LANGUAGE_STANDARD = "gnu++14";
				CLANG_CXX_LIBRARY = "libc++";
				CLANG_ENABLE_MODULES = YES;
				CLANG_ENABLE_OBJC_ARC = YES;
				CLANG_ENABLE_OBJC_WEAK = YES;
				CLANG_WARN_BLOCK_CAPTURE_AUTORELEASING = YES;
				CLANG_WARN_BOOL_CONVERSION = YES;
				CLANG_WARN_COMMA = YES;
				CLANG_WARN_CONSTANT_CONVERSION = YES;
				CLANG_WARN_DEPRECATED_OBJC_IMPLEMENTATIONS = YES;
				CLANG_WARN_DIRECT_OBJC_ISA_USAGE = YES_ERROR;
				CLANG_WARN_DOCUMENTATION_COMMENTS = YES;
				CLANG_WARN_EMPTY_BODY = YES;
				CLANG_WARN_ENUM_CONVERSION = YES;
				CLANG_WARN_INFINITE_RECURSION = YES;
				CLANG_WARN_INT_CONVERSION = YES;
				CLANG_WARN_NON_LITERAL_NULL_CONVERSION = YES;
				CLANG_WARN_OBJC_IMPLICIT_RETAIN_SELF = YES;
				CLANG_WARN_OBJC_LITERAL_CONVERSION = YES;
				CLANG_WARN_OBJC_ROOT_CLASS = YES_ERROR;
				CLANG_WARN_QUOTED_INCLUDE_IN_FRAMEWORK_HEADER = YES;
				CLANG_WARN_RANGE_LOOP_ANALYSIS = YES;
				CLANG_WARN_STRICT_PROTOTYPES = YES;
				CLANG_WARN_SUSPICIOUS_MOVE = YES;
				CLANG_WARN_UNGUARDED_AVAILABILITY = YES_AGGRESSIVE;
				CLANG_WARN_UNREACHABLE_CODE = YES;
				CLANG_WARN__DUPLICATE_METHOD_MATCH = YES;
				COPY_PHASE_STRIP = NO;
				DEBUG_INFORMATION_FORMAT = dwarf;
				ENABLE_STRICT_OBJC_MSGSEND = YES;
				ENABLE_TESTABILITY = YES;
				GCC_C_LANGUAGE_STANDARD = gnu11;
				GCC_DYNAMIC_NO_PIC = NO;
				GCC_NO_COMMON_BLOCKS = YES;
				GCC_OPTIMIZATION_LEVEL = 0;
				GCC_PREPROCESSOR_DEFINITIONS = (
					"DEBUG=1",
					"$(inherited)",
				);
				GCC_WARN_64_TO_32_BIT_CONVERSION = YES;
				GCC_WARN_ABOUT_RETURN_TYPE = YES_ERROR;
				GCC_WARN_UNDECLARED_SELECTOR = YES;
				GCC_WARN_UNINITIALIZED_AUTOS = YES_AGGRESSIVE;
				GCC_WARN_UNUSED_FUNCTION = YES;
				GCC_WARN_UNUSED_VARIABLE = YES;
				MTL_ENABLE_DEBUG_INFO = INCLUDE_SOURCE;
				MTL_FAST_MATH = YES;
				ONLY_ACTIVE_ARCH = YES;
				PRODUCT_NAME = "$(TARGET_NAME)";
				SWIFT_ACTIVE_COMPILATION_CONDITIONS = DEBUG;
				SWIFT_OPTIMIZATION_LEVEL = "-Onone";
				SWIFT_VERSION = 5.0;
			};
			name = Debug;
		};
		8241FD3CC6D29726D6869EB3 /* Release */ = {
			isa = XCBuildConfiguration;
			buildSettings = {
				ASSETCATALOG_COMPILER_APPICON_NAME = AppIcon;
				ASSETCATALOG_COMPILER_GLOBAL_ACCENT_COLOR_NAME = AccentColor;
				CODE_SIGN_ENTITLEMENTS = PaperAccept/PaperAccept.entitlements;
				CLANG_ENABLE_OBJC_WEAK = NO;
				CODE_SIGN_STYLE = Automatic;
				CURRENT_PROJECT_VERSION = 1;
				DEVELOPMENT_TEAM = "";
				GENERATE_INFOPLIST_FILE = YES;
				INFOPLIST_KEY_CFBundleDisplayName = PaperAccept;
				INFOPLIST_KEY_UIApplicationSupportsIndirectInputEvents = YES;
				INFOPLIST_KEY_UILaunchScreen_Generation = YES;
				IPHONEOS_DEPLOYMENT_TARGET = 17.0;
				LD_RUNPATH_SEARCH_PATHS = "$(inherited) @executable_path/Frameworks";
				MARKETING_VERSION = 1.0;
				PRODUCT_BUNDLE_IDENTIFIER = com.gaogehan.PaperAccept;
				PRODUCT_NAME = PaperAccept;
				SDKROOT = iphoneos;
				SWIFT_EMIT_LOC_STRINGS = YES;
				SWIFT_VERSION = 6.0;
				TARGETED_DEVICE_FAMILY = "1,2";
				VALIDATE_PRODUCT = YES;
			};
			name = Release;
		};
		C59D73044AD2E254F04333DD /* Debug */ = {
			isa = XCBuildConfiguration;
			buildSettings = {
				ASSETCATALOG_COMPILER_APPICON_NAME = AppIcon;
				ASSETCATALOG_COMPILER_GLOBAL_ACCENT_COLOR_NAME = AccentColor;
				CODE_SIGN_ENTITLEMENTS = PaperAccept/PaperAccept.entitlements;
				CLANG_ENABLE_OBJC_WEAK = NO;
				CODE_SIGN_STYLE = Automatic;
				CURRENT_PROJECT_VERSION = 1;
				DEVELOPMENT_TEAM = "";
				GENERATE_INFOPLIST_FILE = YES;
				INFOPLIST_KEY_CFBundleDisplayName = PaperAccept;
				INFOPLIST_KEY_UIApplicationSupportsIndirectInputEvents = YES;
				INFOPLIST_KEY_UILaunchScreen_Generation = YES;
				IPHONEOS_DEPLOYMENT_TARGET = 17.0;
				LD_RUNPATH_SEARCH_PATHS = "$(inherited) @executable_path/Frameworks";
				MARKETING_VERSION = 1.0;
				PRODUCT_BUNDLE_IDENTIFIER = com.gaogehan.PaperAccept;
				PRODUCT_NAME = PaperAccept;
				SDKROOT = iphoneos;
				SWIFT_EMIT_LOC_STRINGS = YES;
				SWIFT_VERSION = 6.0;
				TARGETED_DEVICE_FAMILY = "1,2";
			};
			name = Debug;
		};
		A10000000000000000000008 /* Debug */ = {
			isa = XCBuildConfiguration;
			buildSettings = {
				CODE_SIGN_ENTITLEMENTS = PaperAcceptWidget/PaperAcceptWidget.entitlements;
				CODE_SIGN_STYLE = Automatic;
				DEVELOPMENT_TEAM = "";
				GENERATE_INFOPLIST_FILE = NO;
				INFOPLIST_FILE = PaperAcceptWidget/Info.plist;
				IPHONEOS_DEPLOYMENT_TARGET = 17.0;
				LD_RUNPATH_SEARCH_PATHS = "$(inherited) @executable_path/Frameworks @executable_path/../../Frameworks";
				PRODUCT_BUNDLE_IDENTIFIER = com.gaogehan.PaperAccept.WidgetExtension;
				PRODUCT_NAME = "$(TARGET_NAME)";
				SDKROOT = iphoneos;
				SKIP_INSTALL = YES;
				SWIFT_EMIT_LOC_STRINGS = YES;
				SWIFT_VERSION = 6.0;
				TARGETED_DEVICE_FAMILY = "1,2";
			};
			name = Debug;
		};
		A10000000000000000000009 /* Release */ = {
			isa = XCBuildConfiguration;
			buildSettings = {
				CODE_SIGN_ENTITLEMENTS = PaperAcceptWidget/PaperAcceptWidget.entitlements;
				CODE_SIGN_STYLE = Automatic;
				DEVELOPMENT_TEAM = "";
				GENERATE_INFOPLIST_FILE = NO;
				INFOPLIST_FILE = PaperAcceptWidget/Info.plist;
				IPHONEOS_DEPLOYMENT_TARGET = 17.0;
				LD_RUNPATH_SEARCH_PATHS = "$(inherited) @executable_path/Frameworks @executable_path/../../Frameworks";
				PRODUCT_BUNDLE_IDENTIFIER = com.gaogehan.PaperAccept.WidgetExtension;
				PRODUCT_NAME = "$(TARGET_NAME)";
				SDKROOT = iphoneos;
				SKIP_INSTALL = YES;
				SWIFT_EMIT_LOC_STRINGS = YES;
				SWIFT_VERSION = 6.0;
				TARGETED_DEVICE_FAMILY = "1,2";
				VALIDATE_PRODUCT = YES;
			};
			name = Release;
		};
/* End XCBuildConfiguration section */

/* Begin XCConfigurationList section */
		AD4B50892DBBAB9B2309B8D9 /* Build configuration list for PBXProject "PaperAccept" */ = {
			isa = XCConfigurationList;
			buildConfigurations = (
				619A6865A4212BB775F642A9 /* Debug */,
				27F01B3FF57D34A63C35BFCF /* Release */,
			);
			defaultConfigurationIsVisible = 0;
			defaultConfigurationName = Release;
		};
		BED4CF80D7D0DFA6A9A1AC6F /* Build configuration list for PBXNativeTarget "PaperAccept" */ = {
			isa = XCConfigurationList;
			buildConfigurations = (
				8241FD3CC6D29726D6869EB3 /* Release */,
				C59D73044AD2E254F04333DD /* Debug */,
			);
			defaultConfigurationIsVisible = 0;
			defaultConfigurationName = Release;
		};
		A10000000000000000000010 /* Build configuration list for PBXNativeTarget "PaperAcceptWidgetExtension" */ = {
			isa = XCConfigurationList;
			buildConfigurations = (
				A10000000000000000000008 /* Debug */,
				A10000000000000000000009 /* Release */,
			);
			defaultConfigurationIsVisible = 0;
			defaultConfigurationName = Release;
		};
/* End XCConfigurationList section */
	};
	rootObject = 85BC9617A66440AD26E9C928 /* Project object */;
}
